// !$*UTF8*$!
{
	archiveVersion = 1;
	classes = {
	};
	objectVersion = 56;
	objects = {

/* Begin PBXBuildFile section */
		0630D2582B304D0B007420B5 /* FastSwiftBasicApp.swift in Sources */ = {isa = PBXBuildFile; fileRef = 0630D2572B304D0B007420B5 /* FastSwiftBasicApp.swift */; };
		0630D25A2B304D0B007420B5 /* ContentView.swift in Sources */ = {isa = PBXBuildFile; fileRef = 0630D2592B304D0B007420B5 /* ContentView.swift */; };
		0630D25C2B304D0E007420B5 /* Assets.xcassets in Resources */ = {isa = PBXBuildFile; fileRef = 0630D25B2B304D0E007420B5 /* Assets.xcassets */; };
		0630D2602B304D0E007420B5 /* Preview Assets.xcassets in Resources */ = {isa = PBXBuildFile; fileRef = 0630D25F2B304D0E007420B5 /* Preview Assets.xcassets */; };
		064F33EA2B34383900B85F19 /* VariableType.swift in Sources */ = {isa = PBXBuildFile; fileRef = 064F33E92B34383900B85F19 /* VariableType.swift */; };
		06BC453C2B347FA00061153F /* MyCollections.swift in Sources */ = {isa = PBXBuildFile; fileRef = 06BC453B2B347F9F0061153F /* MyCollections.swift */; };
		06E6D4432B3C71CE00ED35E3 /* Condition.swift in Sources */ = {isa = PBXBuildFile; fileRef = 06E6D4422B3C71CE00ED35E3 /* Condition.swift */; };
		06FB06022B42EA9F007C691D /* Half.swift in Sources */ = {isa = PBXBuildFile; fileRef = 06FB06012B42EA9F007C691D /* Half.swift */; };
		06FB06042B42F382007C691D /* Elevator.swift in Sources */ = {isa = PBXBuildFile; fileRef = 06FB06032B42F382007C691D /* Elevator.swift */; };
		06FB06062B42FDC9007C691D /* Diff.swift in Sources */ = {isa = PBXBuildFile; fileRef = 06FB06052B42FDC9007C691D /* Diff.swift */; };
		06FB06082B4445D1007C691D /* Choice.swift in Sources */ = {isa = PBXBuildFile; fileRef = 06FB06072B4445D1007C691D /* Choice.swift */; };
		06FB060A2B444B27007C691D /* Selection.swift in Sources */ = {isa = PBXBuildFile; fileRef = 06FB06092B444B27007C691D /* Selection.swift */; };
		06FB060C2B459698007C691D /* Nil.swift in Sources */ = {isa = PBXBuildFile; fileRef = 06FB060B2B459698007C691D /* Nil.swift */; };
		06FB060E2B459D43007C691D /* Option.swift in Sources */ = {isa = PBXBuildFile; fileRef = 06FB060D2B459D43007C691D /* Option.swift */; };
		06FB06102B46F425007C691D /* Sample.swift in Sources */ = {isa = PBXBuildFile; fileRef = 06FB060F2B46F425007C691D /* Sample.swift */; };
		06FB06122B484FE3007C691D /* Exception.swift in Sources */ = {isa = PBXBuildFile; fileRef = 06FB06112B484FE3007C691D /* Exception.swift */; };
		06FB06142B499105007C691D /* MyCar.swift in Sources */ = {isa = PBXBuildFile; fileRef = 06FB06132B499105007C691D /* MyCar.swift */; };
		06FCF3F42B3DA37B0074178C /* Loop.swift in Sources */ = {isa = PBXBuildFile; fileRef = 06FCF3F32B3DA37B0074178C /* Loop.swift */; };
		06FCF3F62B3DBC280074178C /* Function.swift in Sources */ = {isa = PBXBuildFile; fileRef = 06FCF3F52B3DBC280074178C /* Function.swift */; };
/* End PBXBuildFile section */

/* Begin PBXFileReference section */
		0630D2542B304D0B007420B5 /* FastSwiftBasic.app */ = {isa = PBXFileReference; explicitFileType = wrapper.application; includeInIndex = 0; path = FastSwiftBasic.app; sourceTree = BUILT_PRODUCTS_DIR; };
		0630D2572B304D0B007420B5 /* FastSwiftBasicApp.swift */ = {isa = PBXFileReference; lastKnownFileType = sourcecode.swift; path = FastSwiftBasicApp.swift; sourceTree = "<group>"; };
		0630D2592B304D0B007420B5 /* ContentView.swift */ = {isa = PBXFileReference; lastKnownFileType = sourcecode.swift; path = ContentView.swift; sourceTree = "<group>"; };
		0630D25B2B304D0E007420B5 /* Assets.xcassets */ = {isa = PBXFileReference; lastKnownFileType = folder.assetcatalog; path = Assets.xcassets; sourceTree = "<group>"; };
		0630D25D2B304D0E007420B5 /* FastSwiftBasic.entitlements */ = {isa = PBXFileReference; lastKnownFileType = text.plist.entitlements; path = FastSwiftBasic.entitlements; sourceTree = "<group>"; };
		0630D25F2B304D0E007420B5 /* Preview Assets.xcassets */ = {isa = PBXFileReference; lastKnownFileType = folder.assetcatalog; path = "Preview Assets.xcassets"; sourceTree = "<group>"; };
		064F33E92B34383900B85F19 /* VariableType.swift */ = {isa = PBXFileReference; lastKnownFileType = sourcecode.swift; path = VariableType.swift; sourceTree = "<group>"; };
		06BC453B2B347F9F0061153F /* MyCollections.swift */ = {isa = PBXFileReference; lastKnownFileType = sourcecode.swift; path = MyCollections.swift; sourceTree = "<group>"; };
		06E6D4422B3C71CE00ED35E3 /* Condition.swift */ = {isa = PBXFileReference; lastKnownFileType = sourcecode.swift; path = Condition.swift; sourceTree = "<group>"; };
		06FB06012B42EA9F007C691D /* Half.swift */ = {isa = PBXFileReference; lastKnownFileType = sourcecode.swift; path = Half.swift; sourceTree = "<group>"; };
		06FB06032B42F382007C691D /* Elevator.swift */ = {isa = PBXFileReference; lastKnownFileType = sourcecode.swift; path = Elevator.swift; sourceTree = "<group>"; };
		06FB06052B42FDC9007C691D /* Diff.swift */ = {isa = PBXFileReference; lastKnownFileType = sourcecode.swift; path = Diff.swift; sourceTree = "<group>"; };
		06FB06072B4445D1007C691D /* Choice.swift */ = {isa = PBXFileReference; lastKnownFileType = sourcecode.swift; path = Choice.swift; sourceTree = "<group>"; };
		06FB06092B444B27007C691D /* Selection.swift */ = {isa = PBXFileReference; lastKnownFileType = sourcecode.swift; path = Selection.swift; sourceTree = "<group>"; };
		06FB060B2B459698007C691D /* Nil.swift */ = {isa = PBXFileReference; lastKnownFileType = sourcecode.swift; path = Nil.swift; sourceTree = "<group>"; };
		06FB060D2B459D43007C691D /* Option.swift */ = {isa = PBXFileReference; lastKnownFileType = sourcecode.swift; path = Option.swift; sourceTree = "<group>"; };
		06FB060F2B46F425007C691D /* Sample.swift */ = {isa = PBXFileReference; lastKnownFileType = sourcecode.swift; path = Sample.swift; sourceTree = "<group>"; };
		06FB06112B484FE3007C691D /* Exception.swift */ = {isa = PBXFileReference; lastKnownFileType = sourcecode.swift; path = Exception.swift; sourceTree = "<group>"; };
		06FB06132B499105007C691D /* MyCar.swift */ = {isa = PBXFileReference; lastKnownFileType = sourcecode.swift; path = MyCar.swift; sourceTree = "<group>"; };
		06FCF3F32B3DA37B0074178C /* Loop.swift */ = {isa = PBXFileReference; lastKnownFileType = sourcecode.swift; path = Loop.swift; sourceTree = "<group>"; };
		06FCF3F52B3DBC280074178C /* Function.swift */ = {isa = PBXFileReference; lastKnownFileType = sourcecode.swift; path = Function.swift; sourceTree = "<group>"; };
/* End PBXFileReference section */

/* Begin PBXFrameworksBuildPhase section */
		0630D2512B304D0B007420B5 /* Frameworks */ = {
			isa = PBXFrameworksBuildPhase;
			buildActionMask = 2147483647;
			files = (
			);
			runOnlyForDeploymentPostprocessing = 0;
		};
/* End PBXFrameworksBuildPhase section */

/* Begin PBXGroup section */
		0630D24B2B304D0B007420B5 = {
			isa = PBXGroup;
			children = (
				0630D2562B304D0B007420B5 /* FastSwiftBasic */,
				0630D2552B304D0B007420B5 /* Products */,
			);
			sourceTree = "<group>";
		};
		0630D2552B304D0B007420B5 /* Products */ = {
			isa = PBXGroup;
			children = (
				0630D2542B304D0B007420B5 /* FastSwiftBasic.app */,
			);
			name = Products;
			sourceTree = "<group>";
		};
		0630D2562B304D0B007420B5 /* FastSwiftBasic */ = {
			isa = PBXGroup;
			children = (
				0630D2572B304D0B007420B5 /* FastSwiftBasicApp.swift */,
				0630D2592B304D0B007420B5 /* ContentView.swift */,
				0630D25B2B304D0E007420B5 /* Assets.xcassets */,
				0630D25D2B304D0E007420B5 /* FastSwiftBasic.entitlements */,
				0630D25E2B304D0E007420B5 /* Preview Content */,
				064F33E92B34383900B85F19 /* VariableType.swift */,
				06BC453B2B347F9F0061153F /* MyCollections.swift */,
				06E6D4422B3C71CE00ED35E3 /* Condition.swift */,
				06FCF3F32B3DA37B0074178C /* Loop.swift */,
				06FCF3F52B3DBC280074178C /* Function.swift */,
				06FB06012B42EA9F007C691D /* Half.swift */,
				06FB06032B42F382007C691D /* Elevator.swift */,
				06FB06052B42FDC9007C691D /* Diff.swift */,
				06FB06072B4445D1007C691D /* Choice.swift */,
				06FB06092B444B27007C691D /* Selection.swift */,
				06FB060B2B459698007C691D /* Nil.swift */,
				06FB060D2B459D43007C691D /* Option.swift */,
				06FB060F2B46F425007C691D /* Sample.swift */,
				06FB06112B484FE3007C691D /* Exception.swift */,
				06FB06132B499105007C691D /* MyCar.swift */,
			);
			path = FastSwiftBasic;
			sourceTree = "<group>";
		};
		0630D25E2B304D0E007420B5 /* Preview Content */ = {
			isa = PBXGroup;
			children = (
				0630D25F2B304D0E007420B5 /* Preview Assets.xcassets */,
			);
			path = "Preview Content";
			sourceTree = "<group>";
		};
/* End PBXGroup section */

/* Begin PBXNativeTarget section */
		0630D2532B304D0B007420B5 /* FastSwiftBasic */ = {
			isa = PBXNativeTarget;
			buildConfigurationList = 0630D2632B304D0E007420B5 /* Build configuration list for PBXNativeTarget "FastSwiftBasic" */;
			buildPhases = (
				0630D2502B304D0B007420B5 /* Sources */,
				0630D2512B304D0B007420B5 /* Frameworks */,
				0630D2522B304D0B007420B5 /* Resources */,
			);
			buildRules = (
			);
			dependencies = (
			);
			name = FastSwiftBasic;
			productName = FastSwiftBasic;
			productReference = 0630D2542B304D0B007420B5 /* FastSwiftBasic.app */;
			productType = "com.apple.product-type.application";
		};
/* End PBXNativeTarget section */

/* Begin PBXProject section */
		0630D24C2B304D0B007420B5 /* Project object */ = {
			isa = PBXProject;
			attributes = {
				BuildIndependentTargetsInParallel = 1;
				LastSwiftUpdateCheck = 1510;
				LastUpgradeCheck = 1510;
				TargetAttributes = {
					0630D2532B304D0B007420B5 = {
						CreatedOnToolsVersion = 15.1;
					};
				};
			};
			buildConfigurationList = 0630D24F2B304D0B007420B5 /* Build configuration list for PBXProject "FastSwiftBasic" */;
			compatibilityVersion = "Xcode 14.0";
			developmentRegion = en;
			hasScannedForEncodings = 0;
			knownRegions = (
				en,
				Base,
			);
			mainGroup = 0630D24B2B304D0B007420B5;
			productRefGroup = 0630D2552B304D0B007420B5 /* Products */;
			projectDirPath = "";
			projectRoot = "";
			targets = (
				0630D2532B304D0B007420B5 /* FastSwiftBasic */,
			);
		};
/* End PBXProject section */

/* Begin PBXResourcesBuildPhase section */
		0630D2522B304D0B007420B5 /* Resources */ = {
			isa = PBXResourcesBuildPhase;
			buildActionMask = 2147483647;
			files = (
				0630D2602B304D0E007420B5 /* Preview Assets.xcassets in Resources */,
				0630D25C2B304D0E007420B5 /* Assets.xcassets in Resources */,
			);
			runOnlyForDeploymentPostprocessing = 0;
		};
/* End PBXResourcesBuildPhase section */

/* Begin PBXSourcesBuildPhase section */
		0630D2502B304D0B007420B5 /* Sources */ = {
			isa = PBXSourcesBuildPhase;
			buildActionMask = 2147483647;
			files = (
				06FB060A2B444B27007C691D /* Selection.swift in Sources */,
				06FB06022B42EA9F007C691D /* Half.swift in Sources */,
				06FB060E2B459D43007C691D /* Option.swift in Sources */,
				064F33EA2B34383900B85F19 /* VariableType.swift in Sources */,
				06FB06082B4445D1007C691D /* Choice.swift in Sources */,
				0630D25A2B304D0B007420B5 /* ContentView.swift in Sources */,
				06FCF3F62B3DBC280074178C /* Function.swift in Sources */,
				0630D2582B304D0B007420B5 /* FastSwiftBasicApp.swift in Sources */,
				06FCF3F42B3DA37B0074178C /* Loop.swift in Sources */,
				06FB06122B484FE3007C691D /* Exception.swift in Sources */,
				06FB06142B499105007C691D /* MyCar.swift in Sources */,
				06FB060C2B459698007C691D /* Nil.swift in Sources */,
				06FB06102B46F425007C691D /* Sample.swift in Sources */,
				06FB06062B42FDC9007C691D /* Diff.swift in Sources */,
				06BC453C2B347FA00061153F /* MyCollections.swift in Sources */,
				06E6D4432B3C71CE00ED35E3 /* Condition.swift in Sources */,
				06FB06042B42F382007C691D /* Elevator.swift in Sources */,
			);
			runOnlyForDeploymentPostprocessing = 0;
		};
/* End PBXSourcesBuildPhase section */

/* Begin XCBuildConfiguration section */
		0630D2612B304D0E007420B5 /* Debug */ = {
			isa = XCBuildConfiguration;
			buildSettings = {
				ALWAYS_SEARCH_USER_PATHS = NO;
				ASSETCATALOG_COMPILER_GENERATE_SWIFT_ASSET_SYMBOL_EXTENSIONS = YES;
				CLANG_ANALYZER_NONNULL = YES;
				CLANG_ANALYZER_NUMBER_OBJECT_CONVERSION = YES_AGGRESSIVE;
				CLANG_CXX_LANGUAGE_STANDARD = "gnu++20";
				CLANG_ENABLE_MODULES = YES;
				CLANG_ENABLE_OBJC_ARC = YES;
				CLANG_ENABLE_OBJC_WEAK = YES;
				CLANG_WARN_BLOCK_CAPTURE_AUTORELEASING = YES;
				CLANG_WARN_BOOL_CONVERSION = YES;
				CLANG_WARN_COMMA = YES;
				CLANG_WARN_CONSTANT_CONVERSION = YES;
				CLANG_WARN_DEPRECATED_OBJC_IMPLEMENTATIONS = YES;
				CLANG_WARN_DIRECT_OBJC_ISA_USAGE = YES_ERROR;
				CLANG_WARN_DOCUMENTATION_COMMENTS = YES;
				CLANG_WARN_EMPTY_BODY = YES;
				CLANG_WARN_ENUM_CONVERSION = YES;
				CLANG_WARN_INFINITE_RECURSION = YES;
				CLANG_WARN_INT_CONVERSION = YES;
				CLANG_WARN_NON_LITERAL_NULL_CONVERSION = YES;
				CLANG_WARN_OBJC_IMPLICIT_RETAIN_SELF = YES;
				CLANG_WARN_OBJC_LITERAL_CONVERSION = YES;
				CLANG_WARN_OBJC_ROOT_CLASS = YES_ERROR;
				CLANG_WARN_QUOTED_INCLUDE_IN_FRAMEWORK_HEADER = YES;
				CLANG_WARN_RANGE_LOOP_ANALYSIS = YES;
				CLANG_WARN_STRICT_PROTOTYPES = YES;
				CLANG_WARN_SUSPICIOUS_MOVE = YES;
				CLANG_WARN_UNGUARDED_AVAILABILITY = YES_AGGRESSIVE;
				CLANG_WARN_UNREACHABLE_CODE = YES;
				CLANG_WARN__DUPLICATE_METHOD_MATCH = YES;
				COPY_PHASE_STRIP = NO;
				DEBUG_INFORMATION_FORMAT = dwarf;
				ENABLE_STRICT_OBJC_MSGSEND = YES;
				ENABLE_TESTABILITY = YES;
				ENABLE_USER_SCRIPT_SANDBOXING = YES;
				GCC_C_LANGUAGE_STANDARD = gnu17;
				GCC_DYNAMIC_NO_PIC = NO;
				GCC_NO_COMMON_BLOCKS = YES;
				GCC_OPTIMIZATION_LEVEL = 0;
				GCC_PREPROCESSOR_DEFINITIONS = (
					"DEBUG=1",
					"$(inherited)",
				);
				GCC_WARN_64_TO_32_BIT_CONVERSION = YES;
				GCC_WARN_ABOUT_RETURN_TYPE = YES_ERROR;
				GCC_WARN_UNDECLARED_SELECTOR = YES;
				GCC_WARN_UNINITIALIZED_AUTOS = YES_AGGRESSIVE;
				GCC_WARN_UNUSED_FUNCTION = YES;
				GCC_WARN_UNUSED_VARIABLE = YES;
				LOCALIZATION_PREFERS_STRING_CATALOGS = YES;
				MTL_ENABLE_DEBUG_INFO = INCLUDE_SOURCE;
				MTL_FAST_MATH = YES;
				ONLY_ACTIVE_ARCH = YES;
				SWIFT_ACTIVE_COMPILATION_CONDITIONS = "DEBUG $(inherited)";
				SWIFT_OPTIMIZATION_LEVEL = "-Onone";
			};
			name = Debug;
		};
		0630D2622B304D0E007420B5 /* Release */ = {
			isa = XCBuildConfiguration;
			buildSettings = {
				ALWAYS_SEARCH_USER_PATHS = NO;
				ASSETCATALOG_COMPILER_GENERATE_SWIFT_ASSET_SYMBOL_EXTENSIONS = YES;
				CLANG_ANALYZER_NONNULL = YES;
				CLANG_ANALYZER_NUMBER_OBJECT_CONVERSION = YES_AGGRESSIVE;
				CLANG_CXX_LANGUAGE_STANDARD = "gnu++20";
				CLANG_ENABLE_MODULES = YES;
				CLANG_ENABLE_OBJC_ARC = YES;
				CLANG_ENABLE_OBJC_WEAK = YES;
				CLANG_WARN_BLOCK_CAPTURE_AUTORELEASING = YES;
				CLANG_WARN_BOOL_CONVERSION = YES;
				CLANG_WARN_COMMA = YES;
				CLANG_WARN_CONSTANT_CONVERSION = YES;
				CLANG_WARN_DEPRECATED_OBJC_IMPLEMENTATIONS = YES;
				CLANG_WARN_DIRECT_OBJC_ISA_USAGE = YES_ERROR;
				CLANG_WARN_DOCUMENTATION_COMMENTS = YES;
				CLANG_WARN_EMPTY_BODY = YES;
				CLANG_WARN_ENUM_CONVERSION = YES;
				CLANG_WARN_INFINITE_RECURSION = YES;
				CLANG_WARN_INT_CONVERSION = YES;
				CLANG_WARN_NON_LITERAL_NULL_CONVERSION = YES;
				CLANG_WARN_OBJC_IMPLICIT_RETAIN_SELF = YES;
				CLANG_WARN_OBJC_LITERAL_CONVERSION = YES;
				CLANG_WARN_OBJC_ROOT_CLASS = YES_ERROR;
				CLANG_WARN_QUOTED_INCLUDE_IN_FRAMEWORK_HEADER = YES;
				CLANG_WARN_RANGE_LOOP_ANALYSIS = YES;
				CLANG_WARN_STRICT_PROTOTYPES = YES;
				CLANG_WARN_SUSPICIOUS_MOVE = YES;
				CLANG_WARN_UNGUARDED_AVAILABILITY = YES_AGGRESSIVE;
				CLANG_WARN_UNREACHABLE_CODE = YES;
				CLANG_WARN__DUPLICATE_METHOD_MATCH = YES;
				COPY_PHASE_STRIP = NO;
				DEBUG_INFORMATION_FORMAT = "dwarf-with-dsym";
				ENABLE_NS_ASSERTIONS = NO;
				ENABLE_STRICT_OBJC_MSGSEND = YES;
				ENABLE_USER_SCRIPT_SANDBOXING = YES;
				GCC_C_LANGUAGE_STANDARD = gnu17;
				GCC_NO_COMMON_BLOCKS = YES;
				GCC_WARN_64_TO_32_BIT_CONVERSION = YES;
				GCC_WARN_ABOUT_RETURN_TYPE = YES_ERROR;
				GCC_WARN_UNDECLARED_SELECTOR = YES;
				GCC_WARN_UNINITIALIZED_AUTOS = YES_AGGRESSIVE;
				GCC_WARN_UNUSED_FUNCTION = YES;
				GCC_WARN_UNUSED_VARIABLE = YES;
				LOCALIZATION_PREFERS_STRING_CATALOGS = YES;
				MTL_ENABLE_DEBUG_INFO = NO;
				MTL_FAST_MATH = YES;
				SWIFT_COMPILATION_MODE = wholemodule;
			};
			name = Release;
		};
		0630D2642B304D0E007420B5 /* Debug */ = {
			isa = XCBuildConfiguration;
			buildSettings = {
				ASSETCATALOG_COMPILER_APPICON_NAME = AppIcon;
				ASSETCATALOG_COMPILER_GLOBAL_ACCENT_COLOR_NAME = AccentColor;
				CODE_SIGN_ENTITLEMENTS = FastSwiftBasic/FastSwiftBasic.entitlements;
				CODE_SIGN_STYLE = Automatic;
				CURRENT_PROJECT_VERSION = 1;
				DEVELOPMENT_ASSET_PATHS = "\"FastSwiftBasic/Preview Content\"";
				ENABLE_PREVIEWS = YES;
				GENERATE_INFOPLIST_FILE = YES;
				"INFOPLIST_KEY_UIApplicationSceneManifest_Generation[sdk=iphoneos*]" = YES;
				"INFOPLIST_KEY_UIApplicationSceneManifest_Generation[sdk=iphonesimulator*]" = YES;
				"INFOPLIST_KEY_UIApplicationSupportsIndirectInputEvents[sdk=iphoneos*]" = YES;
				"INFOPLIST_KEY_UIApplicationSupportsIndirectInputEvents[sdk=iphonesimulator*]" = YES;
				"INFOPLIST_KEY_UILaunchScreen_Generation[sdk=iphoneos*]" = YES;
				"INFOPLIST_KEY_UILaunchScreen_Generation[sdk=iphonesimulator*]" = YES;
				"INFOPLIST_KEY_UIStatusBarStyle[sdk=iphoneos*]" = UIStatusBarStyleDefault;
				"INFOPLIST_KEY_UIStatusBarStyle[sdk=iphonesimulator*]" = UIStatusBarStyleDefault;
				INFOPLIST_KEY_UISupportedInterfaceOrientations_iPad = "UIInterfaceOrientationPortrait UIInterfaceOrientationPortraitUpsideDown UIInterfaceOrientationLandscapeLeft UIInterfaceOrientationLandscapeRight";
				INFOPLIST_KEY_UISupportedInterfaceOrientations_iPhone = "UIInterfaceOrientationPortrait UIInterfaceOrientationLandscapeLeft UIInterfaceOrientationLandscapeRight";
				IPHONEOS_DEPLOYMENT_TARGET = 17.2;
				LD_RUNPATH_SEARCH_PATHS = "@executable_path/Frameworks";
				"LD_RUNPATH_SEARCH_PATHS[sdk=macosx*]" = "@executable_path/../Frameworks";
				MACOSX_DEPLOYMENT_TARGET = 13.5;
				MARKETING_VERSION = 1.0;
				PRODUCT_BUNDLE_IDENTIFIER = Dyani.FastSwiftBasic;
				PRODUCT_NAME = "$(TARGET_NAME)";
				SDKROOT = auto;
				SUPPORTED_PLATFORMS = "iphoneos iphonesimulator macosx";
				SWIFT_EMIT_LOC_STRINGS = YES;
				SWIFT_VERSION = 5.0;
				TARGETED_DEVICE_FAMILY = "1,2";
			};
			name = Debug;
		};
		0630D2652B304D0E007420B5 /* Release */ = {
			isa = XCBuildConfiguration;
			buildSettings = {
				ASSETCATALOG_COMPILER_APPICON_NAME = AppIcon;
				ASSETCATALOG_COMPILER_GLOBAL_ACCENT_COLOR_NAME = AccentColor;
				CODE_SIGN_ENTITLEMENTS = FastSwiftBasic/FastSwiftBasic.entitlements;
				CODE_SIGN_STYLE = Automatic;
				CURRENT_PROJECT_VERSION = 1;
				DEVELOPMENT_ASSET_PATHS = "\"FastSwiftBasic/Preview Content\"";
				ENABLE_PREVIEWS = YES;
				GENERATE_INFOPLIST_FILE = YES;
				"INFOPLIST_KEY_UIApplicationSceneManifest_Generation[sdk=iphoneos*]" = YES;
				"INFOPLIST_KEY_UIApplicationSceneManifest_Generation[sdk=iphonesimulator*]" = YES;
				"INFOPLIST_KEY_UIApplicationSupportsIndirectInputEvents[sdk=iphoneos*]" = YES;
				"INFOPLIST_KEY_UIApplicationSupportsIndirectInputEvents[sdk=iphonesimulator*]" = YES;
				"INFOPLIST_KEY_UILaunchScreen_Generation[sdk=iphoneos*]" = YES;
				"INFOPLIST_KEY_UILaunchScreen_Generation[sdk=iphonesimulator*]" = YES;
				"INFOPLIST_KEY_UIStatusBarStyle[sdk=iphoneos*]" = UIStatusBarStyleDefault;
				"INFOPLIST_KEY_UIStatusBarStyle[sdk=iphonesimulator*]" = UIStatusBarStyleDefault;
				INFOPLIST_KEY_UISupportedInterfaceOrientations_iPad = "UIInterfaceOrientationPortrait UIInterfaceOrientationPortraitUpsideDown UIInterfaceOrientationLandscapeLeft UIInterfaceOrientationLandscapeRight";
				INFOPLIST_KEY_UISupportedInterfaceOrientations_iPhone = "UIInterfaceOrientationPortrait UIInterfaceOrientationLandscapeLeft UIInterfaceOrientationLandscapeRight";
				IPHONEOS_DEPLOYMENT_TARGET = 17.2;
				LD_RUNPATH_SEARCH_PATHS = "@executable_path/Frameworks";
				"LD_RUNPATH_SEARCH_PATHS[sdk=macosx*]" = "@executable_path/../Frameworks";
				MACOSX_DEPLOYMENT_TARGET = 13.5;
				MARKETING_VERSION = 1.0;
				PRODUCT_BUNDLE_IDENTIFIER = Dyani.FastSwiftBasic;
				PRODUCT_NAME = "$(TARGET_NAME)";
				SDKROOT = auto;
				SUPPORTED_PLATFORMS = "iphoneos iphonesimulator macosx";
				SWIFT_EMIT_LOC_STRINGS = YES;
				SWIFT_VERSION = 5.0;
				TARGETED_DEVICE_FAMILY = "1,2";
			};
			name = Release;
		};
/* End XCBuildConfiguration section */

/* Begin XCConfigurationList section */
		0630D24F2B304D0B007420B5 /* Build configuration list for PBXProject "FastSwiftBasic" */ = {
			isa = XCConfigurationList;
			buildConfigurations = (
				0630D2612B304D0E007420B5 /* Debug */,
				0630D2622B304D0E007420B5 /* Release */,
			);
			defaultConfigurationIsVisible = 0;
			defaultConfigurationName = Release;
		};
		0630D2632B304D0E007420B5 /* Build configuration list for PBXNativeTarget "FastSwiftBasic" */ = {
			isa = XCConfigurationList;
			buildConfigurations = (
				0630D2642B304D0E007420B5 /* Debug */,
				0630D2652B304D0E007420B5 /* Release */,
			);
			defaultConfigurationIsVisible = 0;
			defaultConfigurationName = Release;
		};
/* End XCConfigurationList section */
	};
	rootObject = 0630D24C2B304D0B007420B5 /* Project object */;
}
